
Microsoft Visual Studio Solution File, Format Version 12.00
# Visual Studio Version 17
VisualStudioVersion = 17.11.35303.130
MinimumVisualStudioVersion = 10.0.40219.1
Project("{8BC9CEB8-8B4A-11D0-8D11-00A0C91BC942}") = "bedrock", "bedrock\bedrock.vcxproj", "{CF40803B-27BC-43F9-BAFC-FB2608498737}"
EndProject
Global
	GlobalSection(SolutionConfigurationPlatforms) = preSolution
		Debug|x64 = Debug|x64
		Release|x64 = Release|x64
	EndGlobalSection
	GlobalSection(ProjectConfigurationPlatforms) = postSolution
		{CF40803B-27BC-43F9-BAFC-FB2608498737}.Debug|x64.ActiveCfg = Debug|x64
		{CF40803B-27BC-43F9-BAFC-FB2608498737}.Debug|x64.Build.0 = Debug|x64
		{CF40803B-27BC-43F9-BAFC-FB2608498737}.Release|x64.ActiveCfg = Release|x64
		{CF40803B-27BC-43F9-BAFC-FB2608498737}.Release|x64.Build.0 = Release|x64
	EndGlobalSection
	GlobalSection(SolutionProperties) = preSolution
		HideSolutionNode = FALSE
	EndGlobalSection
	GlobalSection(ExtensibilityGlobals) = postSolution
		SolutionGuid = {AAC91C15-09C7-4419-BD2C-754C502D71A0}
	EndGlobalSection
EndGlobal
